// !$*UTF8*$!
{
	archiveVersion = 1;
	classes = {
	};
	objectVersion = 46;
	objects = {

/* Begin PBXBuildFile section */
		B8DDCB2F1DF8F25100BB886C /* AppDelegate.swift in Sources */ = {isa = PBXBuildFile; fileRef = B8DDCB2E1DF8F25100BB886C /* AppDelegate.swift */; };
		B8DDCB341DF8F25100BB886C /* Main.storyboard in Resources */ = {isa = PBXBuildFile; fileRef = B8DDCB321DF8F25100BB886C /* Main.storyboard */; };
		B8DDCB361DF8F25100BB886C /* Assets.xcassets in Resources */ = {isa = PBXBuildFile; fileRef = B8DDCB351DF8F25100BB886C /* Assets.xcassets */; };
		B8DDCB391DF8F25100BB886C /* LaunchScreen.storyboard in Resources */ = {isa = PBXBuildFile; fileRef = B8DDCB371DF8F25100BB886C /* LaunchScreen.storyboard */; };
		B8DDCB441DF8F25100BB886C /* GenericCollectionViewTests.swift in Sources */ = {isa = PBXBuildFile; fileRef = B8DDCB431DF8F25100BB886C /* GenericCollectionViewTests.swift */; };
		B8DDCB4F1DF8F25100BB886C /* GenericCollectionViewUITests.swift in Sources */ = {isa = PBXBuildFile; fileRef = B8DDCB4E1DF8F25100BB886C /* GenericCollectionViewUITests.swift */; };
		B8DDCB5D1DF8F2EF00BB886C /* GenericCollectionViewController.swift in Sources */ = {isa = PBXBuildFile; fileRef = B8DDCB5C1DF8F2EF00BB886C /* GenericCollectionViewController.swift */; };
/* End PBXBuildFile section */

/* Begin PBXContainerItemProxy section */
		B8DDCB401DF8F25100BB886C /* PBXContainerItemProxy */ = {
			isa = PBXContainerItemProxy;
			containerPortal = B8DDCB231DF8F25100BB886C /* Project object */;
			proxyType = 1;
			remoteGlobalIDString = B8DDCB2A1DF8F25100BB886C;
			remoteInfo = GenericCollectionView;
		};
		B8DDCB4B1DF8F25100BB886C /* PBXContainerItemProxy */ = {
			isa = PBXContainerItemProxy;
			containerPortal = B8DDCB231DF8F25100BB886C /* Project object */;
			proxyType = 1;
			remoteGlobalIDString = B8DDCB2A1DF8F25100BB886C;
			remoteInfo = GenericCollectionView;
		};
/* End PBXContainerItemProxy section */

/* Begin PBXFileReference section */
		B8DDCB2B1DF8F25100BB886C /* GenericCollectionView.app */ = {isa = PBXFileReference; explicitFileType = wrapper.application; includeInIndex = 0; path = GenericCollectionView.app; sourceTree = BUILT_PRODUCTS_DIR; };
		B8DDCB2E1DF8F25100BB886C /* AppDelegate.swift */ = {isa = PBXFileReference; lastKnownFileType = sourcecode.swift; path = AppDelegate.swift; sourceTree = "<group>"; };
		B8DDCB331DF8F25100BB886C /* Base */ = {isa = PBXFileReference; lastKnownFileType = file.storyboard; name = Base; path = Base.lproj/Main.storyboard; sourceTree = "<group>"; };
		B8DDCB351DF8F25100BB886C /* Assets.xcassets */ = {isa = PBXFileReference; lastKnownFileType = folder.assetcatalog; path = Assets.xcassets; sourceTree = "<group>"; };
		B8DDCB381DF8F25100BB886C /* Base */ = {isa = PBXFileReference; lastKnownFileType = file.storyboard; name = Base; path = Base.lproj/LaunchScreen.storyboard; sourceTree = "<group>"; };
		B8DDCB3A1DF8F25100BB886C /* Info.plist */ = {isa = PBXFileReference; lastKnownFileType = text.plist.xml; path = Info.plist; sourceTree = "<group>"; };
		B8DDCB3F1DF8F25100BB886C /* GenericCollectionViewTests.xctest */ = {isa = PBXFileReference; explicitFileType = wrapper.cfbundle; includeInIndex = 0; path = GenericCollectionViewTests.xctest; sourceTree = BUILT_PRODUCTS_DIR; };
		B8DDCB431DF8F25100BB886C /* GenericCollectionViewTests.swift */ = {isa = PBXFileReference; lastKnownFileType = sourcecode.swift; path = GenericCollectionViewTests.swift; sourceTree = "<group>"; };
		B8DDCB451DF8F25100BB886C /* Info.plist */ = {isa = PBXFileReference; lastKnownFileType = text.plist.xml; path = Info.plist; sourceTree = "<group>"; };
		B8DDCB4A1DF8F25100BB886C /* GenericCollectionViewUITests.xctest */ = {isa = PBXFileReference; explicitFileType = wrapper.cfbundle; includeInIndex = 0; path = GenericCollectionViewUITests.xctest; sourceTree = BUILT_PRODUCTS_DIR; };
		B8DDCB4E1DF8F25100BB886C /* GenericCollectionViewUITests.swift */ = {isa = PBXFileReference; lastKnownFileType = sourcecode.swift; path = GenericCollectionViewUITests.swift; sourceTree = "<group>"; };
		B8DDCB501DF8F25100BB886C /* Info.plist */ = {isa = PBXFileReference; lastKnownFileType = text.plist.xml; path = Info.plist; sourceTree = "<group>"; };
		B8DDCB5C1DF8F2EF00BB886C /* GenericCollectionViewController.swift */ = {isa = PBXFileReference; fileEncoding = 4; lastKnownFileType = sourcecode.swift; path = GenericCollectionViewController.swift; sourceTree = "<group>"; };
/* End PBXFileReference section */

/* Begin PBXFrameworksBuildPhase section */
		B8DDCB281DF8F25100BB886C /* Frameworks */ = {
			isa = PBXFrameworksBuildPhase;
			buildActionMask = 2147483647;
			files = (
			);
			runOnlyForDeploymentPostprocessing = 0;
		};
		B8DDCB3C1DF8F25100BB886C /* Frameworks */ = {
			isa = PBXFrameworksBuildPhase;
			buildActionMask = 2147483647;
			files = (
			);
			runOnlyForDeploymentPostprocessing = 0;
		};
		B8DDCB471DF8F25100BB886C /* Frameworks */ = {
			isa = PBXFrameworksBuildPhase;
			buildActionMask = 2147483647;
			files = (
			);
			runOnlyForDeploymentPostprocessing = 0;
		};
/* End PBXFrameworksBuildPhase section */

/* Begin PBXGroup section */
		B8DDCB221DF8F25100BB886C = {
			isa = PBXGroup;
			children = (
				B8DDCB2D1DF8F25100BB886C /* GenericCollectionView */,
				B8DDCB421DF8F25100BB886C /* GenericCollectionViewTests */,
				B8DDCB4D1DF8F25100BB886C /* GenericCollectionViewUITests */,
				B8DDCB2C1DF8F25100BB886C /* Products */,
			);
			sourceTree = "<group>";
		};
		B8DDCB2C1DF8F25100BB886C /* Products */ = {
			isa = PBXGroup;
			children = (
				B8DDCB2B1DF8F25100BB886C /* GenericCollectionView.app */,
				B8DDCB3F1DF8F25100BB886C /* GenericCollectionViewTests.xctest */,
				B8DDCB4A1DF8F25100BB886C /* GenericCollectionViewUITests.xctest */,
			);
			name = Products;
			sourceTree = "<group>";
		};
		B8DDCB2D1DF8F25100BB886C /* GenericCollectionView */ = {
			isa = PBXGroup;
			children = (
				B8DDCB5C1DF8F2EF00BB886C /* GenericCollectionViewController.swift */,
				B8DDCB2E1DF8F25100BB886C /* AppDelegate.swift */,
				B8DDCB321DF8F25100BB886C /* Main.storyboard */,
				B8DDCB351DF8F25100BB886C /* Assets.xcassets */,
				B8DDCB371DF8F25100BB886C /* LaunchScreen.storyboard */,
				B8DDCB3A1DF8F25100BB886C /* Info.plist */,
			);
			path = GenericCollectionView;
			sourceTree = "<group>";
		};
		B8DDCB421DF8F25100BB886C /* GenericCollectionViewTests */ = {
			isa = PBXGroup;
			children = (
				B8DDCB431DF8F25100BB886C /* GenericCollectionViewTests.swift */,
				B8DDCB451DF8F25100BB886C /* Info.plist */,
			);
			path = GenericCollectionViewTests;
			sourceTree = "<group>";
		};
		B8DDCB4D1DF8F25100BB886C /* GenericCollectionViewUITests */ = {
			isa = PBXGroup;
			children = (
				B8DDCB4E1DF8F25100BB886C /* GenericCollectionViewUITests.swift */,
				B8DDCB501DF8F25100BB886C /* Info.plist */,
			);
			path = GenericCollectionViewUITests;
			sourceTree = "<group>";
		};
/* End PBXGroup section */

/* Begin PBXNativeTarget section */
		B8DDCB2A1DF8F25100BB886C /* GenericCollectionView */ = {
			isa = PBXNativeTarget;
			buildConfigurationList = B8DDCB531DF8F25100BB886C /* Build configuration list for PBXNativeTarget "GenericCollectionView" */;
			buildPhases = (
				B8DDCB271DF8F25100BB886C /* Sources */,
				B8DDCB281DF8F25100BB886C /* Frameworks */,
				B8DDCB291DF8F25100BB886C /* Resources */,
			);
			buildRules = (
			);
			dependencies = (
			);
			name = GenericCollectionView;
			productName = GenericCollectionView;
			productReference = B8DDCB2B1DF8F25100BB886C /* GenericCollectionView.app */;
			productType = "com.apple.product-type.application";
		};
		B8DDCB3E1DF8F25100BB886C /* GenericCollectionViewTests */ = {
			isa = PBXNativeTarget;
			buildConfigurationList = B8DDCB561DF8F25100BB886C /* Build configuration list for PBXNativeTarget "GenericCollectionViewTests" */;
			buildPhases = (
				B8DDCB3B1DF8F25100BB886C /* Sources */,
				B8DDCB3C1DF8F25100BB886C /* Frameworks */,
				B8DDCB3D1DF8F25100BB886C /* Resources */,
			);
			buildRules = (
			);
			dependencies = (
				B8DDCB411DF8F25100BB886C /* PBXTargetDependency */,
			);
			name = GenericCollectionViewTests;
			productName = GenericCollectionViewTests;
			productReference = B8DDCB3F1DF8F25100BB886C /* GenericCollectionViewTests.xctest */;
			productType = "com.apple.product-type.bundle.unit-test";
		};
		B8DDCB491DF8F25100BB886C /* GenericCollectionViewUITests */ = {
			isa = PBXNativeTarget;
			buildConfigurationList = B8DDCB591DF8F25100BB886C /* Build configuration list for PBXNativeTarget "GenericCollectionViewUITests" */;
			buildPhases = (
				B8DDCB461DF8F25100BB886C /* Sources */,
				B8DDCB471DF8F25100BB886C /* Frameworks */,
				B8DDCB481DF8F25100BB886C /* Resources */,
			);
			buildRules = (
			);
			dependencies = (
				B8DDCB4C1DF8F25100BB886C /* PBXTargetDependency */,
			);
			name = GenericCollectionViewUITests;
			productName = GenericCollectionViewUITests;
			productReference = B8DDCB4A1DF8F25100BB886C /* GenericCollectionViewUITests.xctest */;
			productType = "com.apple.product-type.bundle.ui-testing";
		};
/* End PBXNativeTarget section */

/* Begin PBXProject section */
		B8DDCB231DF8F25100BB886C /* Project object */ = {
			isa = PBXProject;
			attributes = {
				LastSwiftUpdateCheck = 0810;
				LastUpgradeCheck = 0810;
				ORGANIZATIONNAME = Planhola;
				TargetAttributes = {
					B8DDCB2A1DF8F25100BB886C = {
						CreatedOnToolsVersion = 8.1;
						ProvisioningStyle = Automatic;
					};
					B8DDCB3E1DF8F25100BB886C = {
						CreatedOnToolsVersion = 8.1;
						ProvisioningStyle = Automatic;
						TestTargetID = B8DDCB2A1DF8F25100BB886C;
					};
					B8DDCB491DF8F25100BB886C = {
						CreatedOnToolsVersion = 8.1;
						ProvisioningStyle = Automatic;
						TestTargetID = B8DDCB2A1DF8F25100BB886C;
					};
				};
			};
			buildConfigurationList = B8DDCB261DF8F25100BB886C /* Build configuration list for PBXProject "GenericCollectionView" */;
			compatibilityVersion = "Xcode 3.2";
			developmentRegion = English;
			hasScannedForEncodings = 0;
			knownRegions = (
				en,
				Base,
			);
			mainGroup = B8DDCB221DF8F25100BB886C;
			productRefGroup = B8DDCB2C1DF8F25100BB886C /* Products */;
			projectDirPath = "";
			projectRoot = "";
			targets = (
				B8DDCB2A1DF8F25100BB886C /* GenericCollectionView */,
				B8DDCB3E1DF8F25100BB886C /* GenericCollectionViewTests */,
				B8DDCB491DF8F25100BB886C /* GenericCollectionViewUITests */,
			);
		};
/* End PBXProject section */

/* Begin PBXResourcesBuildPhase section */
		B8DDCB291DF8F25100BB886C /* Resources */ = {
			isa = PBXResourcesBuildPhase;
			buildActionMask = 2147483647;
			files = (
				B8DDCB391DF8F25100BB886C /* LaunchScreen.storyboard in Resources */,
				B8DDCB361DF8F25100BB886C /* Assets.xcassets in Resources */,
				B8DDCB341DF8F25100BB886C /* Main.storyboard in Resources */,
			);
			runOnlyForDeploymentPostprocessing = 0;
		};
		B8DDCB3D1DF8F25100BB886C /* Resources */ = {
			isa = PBXResourcesBuildPhase;
			buildActionMask = 2147483647;
			files = (
			);
			runOnlyForDeploymentPostprocessing = 0;
		};
		B8DDCB481DF8F25100BB886C /* Resources */ = {
			isa = PBXResourcesBuildPhase;
			buildActionMask = 2147483647;
			files = (
			);
			runOnlyForDeploymentPostprocessing = 0;
		};
/* End PBXResourcesBuildPhase section */

/* Begin PBXSourcesBuildPhase section */
		B8DDCB271DF8F25100BB886C /* Sources */ = {
			isa = PBXSourcesBuildPhase;
			buildActionMask = 2147483647;
			files = (
				B8DDCB5D1DF8F2EF00BB886C /* GenericCollectionViewController.swift in Sources */,
				B8DDCB2F1DF8F25100BB886C /* AppDelegate.swift in Sources */,
			);
			runOnlyForDeploymentPostprocessing = 0;
		};
		B8DDCB3B1DF8F25100BB886C /* Sources */ = {
			isa = PBXSourcesBuildPhase;
			buildActionMask = 2147483647;
			files = (
				B8DDCB441DF8F25100BB886C /* GenericCollectionViewTests.swift in Sources */,
			);
			runOnlyForDeploymentPostprocessing = 0;
		};
		B8DDCB461DF8F25100BB886C /* Sources */ = {
			isa = PBXSourcesBuildPhase;
			buildActionMask = 2147483647;
			files = (
				B8DDCB4F1DF8F25100BB886C /* GenericCollectionViewUITests.swift in Sources */,
			);
			runOnlyForDeploymentPostprocessing = 0;
		};
/* End PBXSourcesBuildPhase section */

/* Begin PBXTargetDependency section */
		B8DDCB411DF8F25100BB886C /* PBXTargetDependency */ = {
			isa = PBXTargetDependency;
			target = B8DDCB2A1DF8F25100BB886C /* GenericCollectionView */;
			targetProxy = B8DDCB401DF8F25100BB886C /* PBXContainerItemProxy */;
		};
		B8DDCB4C1DF8F25100BB886C /* PBXTargetDependency */ = {
			isa = PBXTargetDependency;
			target = B8DDCB2A1DF8F25100BB886C /* GenericCollectionView */;
			targetProxy = B8DDCB4B1DF8F25100BB886C /* PBXContainerItemProxy */;
		};
/* End PBXTargetDependency section */

/* Begin PBXVariantGroup section */
		B8DDCB321DF8F25100BB886C /* Main.storyboard */ = {
			isa = PBXVariantGroup;
			children = (
				B8DDCB331DF8F25100BB886C /* Base */,
			);
			name = Main.storyboard;
			sourceTree = "<group>";
		};
		B8DDCB371DF8F25100BB886C /* LaunchScreen.storyboard */ = {
			isa = PBXVariantGroup;
			children = (
				B8DDCB381DF8F25100BB886C /* Base */,
			);
			name = LaunchScreen.storyboard;
			sourceTree = "<group>";
		};
/* End PBXVariantGroup section */

/* Begin XCBuildConfiguration section */
		B8DDCB511DF8F25100BB886C /* Debug */ = {
			isa = XCBuildConfiguration;
			buildSettings = {
				ALWAYS_SEARCH_USER_PATHS = NO;
				CLANG_ANALYZER_NONNULL = YES;
				CLANG_CXX_LANGUAGE_STANDARD = "gnu++0x";
				CLANG_CXX_LIBRARY = "libc++";
				CLANG_ENABLE_MODULES = YES;
				CLANG_ENABLE_OBJC_ARC = YES;
				CLANG_WARN_BOOL_CONVERSION = YES;
				CLANG_WARN_CONSTANT_CONVERSION = YES;
				CLANG_WARN_DIRECT_OBJC_ISA_USAGE = YES_ERROR;
				CLANG_WARN_DOCUMENTATION_COMMENTS = YES;
				CLANG_WARN_EMPTY_BODY = YES;
				CLANG_WARN_ENUM_CONVERSION = YES;
				CLANG_WARN_INFINITE_RECURSION = YES;
				CLANG_WARN_INT_CONVERSION = YES;
				CLANG_WARN_OBJC_ROOT_CLASS = YES_ERROR;
				CLANG_WARN_SUSPICIOUS_MOVES = YES;
				CLANG_WARN_UNREACHABLE_CODE = YES;
				CLANG_WARN__DUPLICATE_METHOD_MATCH = YES;
				"CODE_SIGN_IDENTITY[sdk=iphoneos*]" = "iPhone Developer";
				COPY_PHASE_STRIP = NO;
				DEBUG_INFORMATION_FORMAT = dwarf;
				ENABLE_STRICT_OBJC_MSGSEND = YES;
				ENABLE_TESTABILITY = YES;
				GCC_C_LANGUAGE_STANDARD = gnu99;
				GCC_DYNAMIC_NO_PIC = NO;
				GCC_NO_COMMON_BLOCKS = YES;
				GCC_OPTIMIZATION_LEVEL = 0;
				GCC_PREPROCESSOR_DEFINITIONS = (
					"DEBUG=1",
					"$(inherited)",
				);
				GCC_WARN_64_TO_32_BIT_CONVERSION = YES;
				GCC_WARN_ABOUT_RETURN_TYPE = YES_ERROR;
				GCC_WARN_UNDECLARED_SELECTOR = YES;
				GCC_WARN_UNINITIALIZED_AUTOS = YES_AGGRESSIVE;
				GCC_WARN_UNUSED_FUNCTION = YES;
				GCC_WARN_UNUSED_VARIABLE = YES;
				IPHONEOS_DEPLOYMENT_TARGET = 10.1;
				MTL_ENABLE_DEBUG_INFO = YES;
				ONLY_ACTIVE_ARCH = YES;
				SDKROOT = iphoneos;
				SWIFT_ACTIVE_COMPILATION_CONDITIONS = DEBUG;
				SWIFT_OPTIMIZATION_LEVEL = "-Onone";
				TARGETED_DEVICE_FAMILY = "1,2";
			};
			name = Debug;
		};
		B8DDCB521DF8F25100BB886C /* Release */ = {
			isa = XCBuildConfiguration;
			buildSettings = {
				ALWAYS_SEARCH_USER_PATHS = NO;
				CLANG_ANALYZER_NONNULL = YES;
				CLANG_CXX_LANGUAGE_STANDARD = "gnu++0x";
				CLANG_CXX_LIBRARY = "libc++";
				CLANG_ENABLE_MODULES = YES;
				CLANG_ENABLE_OBJC_ARC = YES;
				CLANG_WARN_BOOL_CONVERSION = YES;
				CLANG_WARN_CONSTANT_CONVERSION = YES;
				CLANG_WARN_DIRECT_OBJC_ISA_USAGE = YES_ERROR;
				CLANG_WARN_DOCUMENTATION_COMMENTS = YES;
				CLANG_WARN_EMPTY_BODY = YES;
				CLANG_WARN_ENUM_CONVERSION = YES;
				CLANG_WARN_INFINITE_RECURSION = YES;
				CLANG_WARN_INT_CONVERSION = YES;
				CLANG_WARN_OBJC_ROOT_CLASS = YES_ERROR;
				CLANG_WARN_SUSPICIOUS_MOVES = YES;
				CLANG_WARN_UNREACHABLE_CODE = YES;
				CLANG_WARN__DUPLICATE_METHOD_MATCH = YES;
				"CODE_SIGN_IDENTITY[sdk=iphoneos*]" = "iPhone Developer";
				COPY_PHASE_STRIP = NO;
				DEBUG_INFORMATION_FORMAT = "dwarf-with-dsym";
				ENABLE_NS_ASSERTIONS = NO;
				ENABLE_STRICT_OBJC_MSGSEND = YES;
				GCC_C_LANGUAGE_STANDARD = gnu99;
				GCC_NO_COMMON_BLOCKS = YES;
				GCC_WARN_64_TO_32_BIT_CONVERSION = YES;
				GCC_WARN_ABOUT_RETURN_TYPE = YES_ERROR;
				GCC_WARN_UNDECLARED_SELECTOR = YES;
				GCC_WARN_UNINITIALIZED_AUTOS = YES_AGGRESSIVE;
				GCC_WARN_UNUSED_FUNCTION = YES;
				GCC_WARN_UNUSED_VARIABLE = YES;
				IPHONEOS_DEPLOYMENT_TARGET = 10.1;
				MTL_ENABLE_DEBUG_INFO = NO;
				SDKROOT = iphoneos;
				SWIFT_OPTIMIZATION_LEVEL = "-Owholemodule";
				TARGETED_DEVICE_FAMILY = "1,2";
				VALIDATE_PRODUCT = YES;
			};
			name = Release;
		};
		B8DDCB541DF8F25100BB886C /* Debug */ = {
			isa = XCBuildConfiguration;
			buildSettings = {
				ASSETCATALOG_COMPILER_APPICON_NAME = AppIcon;
				INFOPLIST_FILE = GenericCollectionView/Info.plist;
				LD_RUNPATH_SEARCH_PATHS = "$(inherited) @executable_path/Frameworks";
				PRODUCT_BUNDLE_IDENTIFIER = com.planhola.GenericCollectionView;
				PRODUCT_NAME = "$(TARGET_NAME)";
				SWIFT_VERSION = 3.0;
			};
			name = Debug;
		};
		B8DDCB551DF8F25100BB886C /* Release */ = {
			isa = XCBuildConfiguration;
			buildSettings = {
				ASSETCATALOG_COMPILER_APPICON_NAME = AppIcon;
				INFOPLIST_FILE = GenericCollectionView/Info.plist;
				LD_RUNPATH_SEARCH_PATHS = "$(inherited) @executable_path/Frameworks";
				PRODUCT_BUNDLE_IDENTIFIER = com.planhola.GenericCollectionView;
				PRODUCT_NAME = "$(TARGET_NAME)";
				SWIFT_VERSION = 3.0;
			};
			name = Release;
		};
		B8DDCB571DF8F25100BB886C /* Debug */ = {
			isa = XCBuildConfiguration;
			buildSettings = {
				ALWAYS_EMBED_SWIFT_STANDARD_LIBRARIES = YES;
				BUNDLE_LOADER = "$(TEST_HOST)";
				INFOPLIST_FILE = GenericCollectionViewTests/Info.plist;
				LD_RUNPATH_SEARCH_PATHS = "$(inherited) @executable_path/Frameworks @loader_path/Frameworks";
				PRODUCT_BUNDLE_IDENTIFIER = com.planhola.GenericCollectionViewTests;
				PRODUCT_NAME = "$(TARGET_NAME)";
				SWIFT_VERSION = 3.0;
				TEST_HOST = "$(BUILT_PRODUCTS_DIR)/GenericCollectionView.app/GenericCollectionView";
			};
			name = Debug;
		};
		B8DDCB581DF8F25100BB886C /* Release */ = {
			isa = XCBuildConfiguration;
			buildSettings = {
				ALWAYS_EMBED_SWIFT_STANDARD_LIBRARIES = YES;
				BUNDLE_LOADER = "$(TEST_HOST)";
				INFOPLIST_FILE = GenericCollectionViewTests/Info.plist;
				LD_RUNPATH_SEARCH_PATHS = "$(inherited) @executable_path/Frameworks @loader_path/Frameworks";
				PRODUCT_BUNDLE_IDENTIFIER = com.planhola.GenericCollectionViewTests;
				PRODUCT_NAME = "$(TARGET_NAME)";
				SWIFT_VERSION = 3.0;
				TEST_HOST = "$(BUILT_PRODUCTS_DIR)/GenericCollectionView.app/GenericCollectionView";
			};
			name = Release;
		};
		B8DDCB5A1DF8F25100BB886C /* Debug */ = {
			isa = XCBuildConfiguration;
			buildSettings = {
				ALWAYS_EMBED_SWIFT_STANDARD_LIBRARIES = YES;
				INFOPLIST_FILE = GenericCollectionViewUITests/Info.plist;
				LD_RUNPATH_SEARCH_PATHS = "$(inherited) @executable_path/Frameworks @loader_path/Frameworks";
				PRODUCT_BUNDLE_IDENTIFIER = com.planhola.GenericCollectionViewUITests;
				PRODUCT_NAME = "$(TARGET_NAME)";
				SWIFT_VERSION = 3.0;
				TEST_TARGET_NAME = GenericCollectionView;
			};
			name = Debug;
		};
		B8DDCB5B1DF8F25100BB886C /* Release */ = {
			isa = XCBuildConfiguration;
			buildSettings = {
				ALWAYS_EMBED_SWIFT_STANDARD_LIBRARIES = YES;
				INFOPLIST_FILE = GenericCollectionViewUITests/Info.plist;
				LD_RUNPATH_SEARCH_PATHS = "$(inherited) @executable_path/Frameworks @loader_path/Frameworks";
				PRODUCT_BUNDLE_IDENTIFIER = com.planhola.GenericCollectionViewUITests;
				PRODUCT_NAME = "$(TARGET_NAME)";
				SWIFT_VERSION = 3.0;
				TEST_TARGET_NAME = GenericCollectionView;
			};
			name = Release;
		};
/* End XCBuildConfiguration section */

/* Begin XCConfigurationList section */
		B8DDCB261DF8F25100BB886C /* Build configuration list for PBXProject "GenericCollectionView" */ = {
			isa = XCConfigurationList;
			buildConfigurations = (
				B8DDCB511DF8F25100BB886C /* Debug */,
				B8DDCB521DF8F25100BB886C /* Release */,
			);
			defaultConfigurationIsVisible = 0;
			defaultConfigurationName = Release;
		};
		B8DDCB531DF8F25100BB886C /* Build configuration list for PBXNativeTarget "GenericCollectionView" */ = {
			isa = XCConfigurationList;
			buildConfigurations = (
				B8DDCB541DF8F25100BB886C /* Debug */,
				B8DDCB551DF8F25100BB886C /* Release */,
			);
			defaultConfigurationIsVisible = 0;
			defaultConfigurationName = Release;
		};
		B8DDCB561DF8F25100BB886C /* Build configuration list for PBXNativeTarget "GenericCollectionViewTests" */ = {
			isa = XCConfigurationList;
			buildConfigurations = (
				B8DDCB571DF8F25100BB886C /* Debug */,
				B8DDCB581DF8F25100BB886C /* Release */,
			);
			defaultConfigurationIsVisible = 0;
			defaultConfigurationName = Release;
		};
		B8DDCB591DF8F25100BB886C /* Build configuration list for PBXNativeTarget "GenericCollectionViewUITests" */ = {
			isa = XCConfigurationList;
			buildConfigurations = (
				B8DDCB5A1DF8F25100BB886C /* Debug */,
				B8DDCB5B1DF8F25100BB886C /* Release */,
			);
			defaultConfigurationIsVisible = 0;
			defaultConfigurationName = Release;
		};
/* End XCConfigurationList section */
	};
	rootObject = B8DDCB231DF8F25100BB886C /* Project object */;
}
